
Microsoft Visual Studio Solution File, Format Version 12.00
# Visual Studio Version 17
VisualStudioVersion = 17.2.32516.85
MinimumVisualStudioVersion = 10.0.40219.1
Project("{FAE04EC0-301F-11D3-BF4B-00C04F79EFBC}") = "BlazorLiteDb001", "BlazorLiteDb001\BlazorLiteDb001.csproj", "{10C3055A-91E7-45DF-A826-831E93B7852B}"
EndProject
Global
	GlobalSection(SolutionConfigurationPlatforms) = preSolution
		Debug|Any CPU = Debug|Any CPU
		Release|Any CPU = Release|Any CPU
	EndGlobalSection
	GlobalSection(ProjectConfigurationPlatforms) = postSolution
		{10C3055A-91E7-45DF-A826-831E93B7852B}.Debug|Any CPU.ActiveCfg = Debug|Any CPU
		{10C3055A-91E7-45DF-A826-831E93B7852B}.Debug|Any CPU.Build.0 = Debug|Any CPU
		{10C3055A-91E7-45DF-A826-831E93B7852B}.Release|Any CPU.ActiveCfg = Release|Any CPU
		{10C3055A-91E7-45DF-A826-831E93B7852B}.Release|Any CPU.Build.0 = Release|Any CPU
	EndGlobalSection
	GlobalSection(SolutionProperties) = preSolution
		HideSolutionNode = FALSE
	EndGlobalSection
	GlobalSection(ExtensibilityGlobals) = postSolution
		SolutionGuid = {C8F5DA70-E738-4726-B504-9EBF6AA396EF}
	EndGlobalSection
EndGlobal
